
Microsoft Visual Studio Solution File, Format Version 12.00
# Visual Studio 2013
VisualStudioVersion = 12.0.30723.0
MinimumVisualStudioVersion = 10.0.40219.1
Project("{FAE04EC0-301F-11D3-BF4B-00C04F79EFBC}") = "QMS_System", "QMS_System\QMS_System.csproj", "{71CCB128-5DF6-45E2-9F63-307489C3F96F}"
EndProject
Project("{FAE04EC0-301F-11D3-BF4B-00C04F79EFBC}") = "QMS_System.Data", "QMS_System.Data\QMS_System.Data.csproj", "{DA64D714-1D68-4A11-B6A5-DA2803AA5CCC}"
EndProject
Global
	GlobalSection(SolutionConfigurationPlatforms) = preSolution
		Debug|Any CPU = Debug|Any CPU
		Release|Any CPU = Release|Any CPU
	EndGlobalSection
	GlobalSection(ProjectConfigurationPlatforms) = postSolution
		{71CCB128-5DF6-45E2-9F63-307489C3F96F}.Debug|Any CPU.ActiveCfg = Debug|Any CPU
		{71CCB128-5DF6-45E2-9F63-307489C3F96F}.Debug|Any CPU.Build.0 = Debug|Any CPU
		{71CCB128-5DF6-45E2-9F63-307489C3F96F}.Release|Any CPU.ActiveCfg = Release|Any CPU
		{71CCB128-5DF6-45E2-9F63-307489C3F96F}.Release|Any CPU.Build.0 = Release|Any CPU
		{DA64D714-1D68-4A11-B6A5-DA2803AA5CCC}.Debug|Any CPU.ActiveCfg = Debug|Any CPU
		{DA64D714-1D68-4A11-B6A5-DA2803AA5CCC}.Debug|Any CPU.Build.0 = Debug|Any CPU
		{DA64D714-1D68-4A11-B6A5-DA2803AA5CCC}.Release|Any CPU.ActiveCfg = Release|Any CPU
		{DA64D714-1D68-4A11-B6A5-DA2803AA5CCC}.Release|Any CPU.Build.0 = Release|Any CPU
	EndGlobalSection
	GlobalSection(SolutionProperties) = preSolution
		HideSolutionNode = FALSE
	EndGlobalSection
EndGlobal
